<?xml version="1.0" encoding="utf-8"?>
<Project ToolsVersion="4.0" xmlns="http://schemas.microsoft.com/developer/msbuild/2003">
  <ItemGroup>
    <ClCompile Include="Camera.cpp">
      <Filter>Game\RenderEngine</Filter>
    </ClCompile>
    <ClCompile Include="GameObject.cpp">
      <Filter>Game\GameObjects</Filter>
    </ClCompile>
    <ClCompile Include="Mesh.cpp">
      <Filter>Game\RenderEngine</Filter>
    </ClCompile>
    <ClCompile Include="Window.cpp">
      <Filter>Game\RenderEngine</Filter>
    </ClCompile>
    <ClCompile Include="Textures.cpp">
      <Filter>Game\RenderEngine</Filter>
    </ClCompile>
    <ClCompile Include="RenderEngine.cpp">
      <Filter>Game\RenderEngine</Filter>
    </ClCompile>
    <ClCompile Include="ObjectManager.cpp">
      <Filter>Game\GameObjects</Filter>
    </ClCompile>
    <ClCompile Include="Clock.cpp">
      <Filter>Game</Filter>
    </ClCompile>
    <ClCompile Include="EventProcessor.cpp">
      <Filter>Game</Filter>
    </ClCompile>
    <ClCompile Include="Game.cpp">
      <Filter>Game</Filter>
    </ClCompile>
    <ClCompile Include="Main.cpp">
      <Filter>Game</Filter>
    </ClCompile>
    <ClCompile Include="Tile.cpp">
      <Filter>Game\Map</Filter>
    </ClCompile>
    <ClCompile Include="Map.cpp">
      <Filter>Game\Map</Filter>
    </ClCompile>
  </ItemGroup>
  <ItemGroup>
    <ClInclude Include="Camera.h">
      <Filter>Game\RenderEngine</Filter>
    </ClInclude>
    <ClInclude Include="GameObject.h">
      <Filter>Game\GameObjects</Filter>
    </ClInclude>
    <ClInclude Include="Mesh.h">
      <Filter>Game\RenderEngine</Filter>
    </ClInclude>
    <ClInclude Include="Window.h">
      <Filter>Game\RenderEngine</Filter>
    </ClInclude>
    <ClInclude Include="Textures.h">
      <Filter>Game\RenderEngine</Filter>
    </ClInclude>
    <ClInclude Include="RenderEngine.h">
      <Filter>Game\RenderEngine</Filter>
    </ClInclude>
    <ClInclude Include="ObjectManager.h">
      <Filter>Game\GameObjects</Filter>
    </ClInclude>
    <ClInclude Include="Clock.h">
      <Filter>Game</Filter>
    </ClInclude>
    <ClInclude Include="EventProcessor.h">
      <Filter>Game</Filter>
    </ClInclude>
    <ClInclude Include="Game.h">
      <Filter>Game</Filter>
    </ClInclude>
    <ClInclude Include="Tile.h">
      <Filter>Game\Map</Filter>
    </ClInclude>
    <ClInclude Include="Map.h">
      <Filter>Game\Map</Filter>
    </ClInclude>
  </ItemGroup>
  <ItemGroup>
    <Filter Include="Game">
      <UniqueIdentifier>{2297c97c-bb92-48ab-bce5-99a94fc83aad}</UniqueIdentifier>
    </Filter>
    <Filter Include="Game\RenderEngine">
      <UniqueIdentifier>{eb1731e1-33aa-4293-a3b1-6522b39b97f7}</UniqueIdentifier>
    </Filter>
    <Filter Include="Game\GameObjects">
      <UniqueIdentifier>{442f026a-69bb-4146-893e-c1ed766fa8d0}</UniqueIdentifier>
    </Filter>
    <Filter Include="Game\Map">
      <UniqueIdentifier>{be6d18a7-09de-43ba-b7f9-3b5c645b140b}</UniqueIdentifier>
    </Filter>
  </ItemGroup>
</Project>